# This file was autogenerated by Stack.
# You should not edit this file by hand.
# For more information, please see the documentation at:
#   https://docs.haskellstack.org/en/stable/topics/lock_files

packages:
- completed:
    hackage: time-out-0.2@sha256:b9a6b4dee64f030ecb2a25dca0faff39b3cb3b5fefbb8af3cdec4142bfd291f2,3010
    pantry-tree:
      sha256: dcedaba4d5a1dcfbef65ede20f25b1465ca5d211178fbff5ed6cd8cf75bed1cf
      size: 923
  original:
    hackage: time-out-0.2@sha256:b9a6b4dee64f030ecb2a25dca0faff39b3cb3b5fefbb8af3cdec4142bfd291f2,3010
- completed:
    hackage: time-interval-0.1.1@sha256:7bfd3601853d1af7caa18248ec10b01701d035ac274a93bb4670fea52a14d4e8,2567
    pantry-tree:
      sha256: 7e259a34960b881f67a47e677eb77906922661c1036c8a5c62bcfc394cc655b7
      size: 456
  original:
    hackage: time-interval-0.1.1@sha256:7bfd3601853d1af7caa18248ec10b01701d035ac274a93bb4670fea52a14d4e8,2567
snapshots:
- completed:
    sha256: d133abe75e408a407cce3f032c96ac1bbadf474a93b5156ebf4135b53382d56b
    size: 683827
    url: https://raw.githubusercontent.com/commercialhaskell/stackage-snapshots/master/lts/23/18.yaml
  original:
    url: https://raw.githubusercontent.com/commercialhaskell/stackage-snapshots/master/lts/23/18.yaml
