# This file was autogenerated by Stack.
# You should not edit this file by hand.
# For more information, please see the documentation at:
#   https://docs.haskellstack.org/en/stable/topics/lock_files

packages: []
snapshots:
- completed:
    sha256: ecb944087cba3b8e85ff75d279bbb878615127e44d1b0485c511834c56ee6929
    size: 680789
    url: https://raw.githubusercontent.com/commercialhaskell/stackage-snapshots/master/lts/23/8.yaml
  original:
    url: https://raw.githubusercontent.com/commercialhaskell/stackage-snapshots/master/lts/23/8.yaml
